{
  "version": 4,
  "terraform_version": "1.11.4",
  "serial": 22,
  "lineage": "632cbee4-7ccf-8e9f-3817-f4e6180b5c4b",
  "outputs": {
    "floating_ip": {
      "value": "172.26.112.149",
      "type": "string"
    },
    "ied_detectados": {
      "value": [
        "ied1",
        "ied2",
        "ied3"
      ],
      "type": [
        "tuple",
        [
          "string",
          "string",
          "string"
        ]
      ]
    }
  },
  "resources": [
    {
      "mode": "data",
      "type": "openstack_networking_network_v2",
      "name": "public_net",
      "provider": "provider[\"registry.terraform.io/terraform-provider-openstack/openstack\"]",
      "instances": [
        {
          "schema_version": 0,
          "attributes": {
            "admin_state_up": "true",
            "all_tags": [],
            "availability_zone_hints": [],
            "description": "",
            "dns_domain": "",
            "external": true,
            "id": "b58d8f92-c96c-43fb-a591-2dcd8e3d04a2",
            "matching_subnet_cidr": null,
            "mtu": 1500,
            "name": "nw_lab_bizkaia_trc",
            "network_id": null,
            "region": "regionOne",
            "segments": [],
            "shared": "false",
            "status": null,
            "subnets": [
              "e98686d6-bc4b-48a1-89e8-09c524428392"
            ],
            "tags": null,
            "tenant_id": "7b66d448ace34e79b97f3586652dc1d1",
            "transparent_vlan": false
          },
          "sensitive_attributes": []
        }
      ]
    },
    {
      "mode": "managed",
      "type": "null_resource",
      "name": "copy_ied_data",
      "provider": "provider[\"registry.terraform.io/hashicorp/null\"]",
      "instances": [
        {
          "index_key": "ied1",
          "schema_version": 0,
          "attributes": {
            "id": "3862234532993944619",
            "triggers": null
          },
          "sensitive_attributes": [],
          "dependencies": [
            "data.openstack_networking_network_v2.public_net",
            "openstack_blockstorage_volume_v3.ied_data",
            "openstack_compute_instance_v2.ied_host",
            "openstack_compute_keypair_v2.ssh_key",
            "openstack_compute_volume_attach_v2.attach_ied_data",
            "openstack_networking_floatingip_v2.fip",
            "openstack_networking_network_v2.private_net",
            "openstack_networking_port_v2.vm_port",
            "openstack_networking_secgroup_v2.ssh",
            "openstack_networking_subnet_v2.private_subnet"
          ]
        },
        {
          "index_key": "ied2",
          "schema_version": 0,
          "attributes": {
            "id": "278445396340856178",
            "triggers": null
          },
          "sensitive_attributes": [],
          "dependencies": [
            "data.openstack_networking_network_v2.public_net",
            "openstack_blockstorage_volume_v3.ied_data",
            "openstack_compute_instance_v2.ied_host",
            "openstack_compute_keypair_v2.ssh_key",
            "openstack_compute_volume_attach_v2.attach_ied_data",
            "openstack_networking_floatingip_v2.fip",
            "openstack_networking_network_v2.private_net",
            "openstack_networking_port_v2.vm_port",
            "openstack_networking_secgroup_v2.ssh",
            "openstack_networking_subnet_v2.private_subnet"
          ]
        },
        {
          "index_key": "ied3",
          "schema_version": 0,
          "attributes": {
            "id": "3211924308671072510",
            "triggers": null
          },
          "sensitive_attributes": [],
          "dependencies": [
            "data.openstack_networking_network_v2.public_net",
            "openstack_blockstorage_volume_v3.ied_data",
            "openstack_compute_instance_v2.ied_host",
            "openstack_compute_keypair_v2.ssh_key",
            "openstack_compute_volume_attach_v2.attach_ied_data",
            "openstack_networking_floatingip_v2.fip",
            "openstack_networking_network_v2.private_net",
            "openstack_networking_port_v2.vm_port",
            "openstack_networking_secgroup_v2.ssh",
            "openstack_networking_subnet_v2.private_subnet"
          ]
        }
      ]
    },
    {
      "mode": "managed",
      "type": "null_resource",
      "name": "provision_all_ieds",
      "provider": "provider[\"registry.terraform.io/hashicorp/null\"]",
      "instances": [
        {
          "schema_version": 0,
          "attributes": {
            "id": "5478649016648237931",
            "triggers": {
              "always_run": "2025-07-18T08:58:57Z"
            }
          },
          "sensitive_attributes": [],
          "dependencies": [
            "data.openstack_networking_network_v2.public_net",
            "openstack_blockstorage_volume_v3.ied_data",
            "openstack_compute_instance_v2.ied_host",
            "openstack_compute_keypair_v2.ssh_key",
            "openstack_compute_volume_attach_v2.attach_ied_data",
            "openstack_networking_floatingip_associate_v2.fip_assoc",
            "openstack_networking_floatingip_v2.fip",
            "openstack_networking_network_v2.private_net",
            "openstack_networking_port_v2.vm_port",
            "openstack_networking_router_interface_v2.router_interface",
            "openstack_networking_router_v2.router",
            "openstack_networking_secgroup_v2.ssh",
            "openstack_networking_subnet_v2.private_subnet"
          ]
        }
      ]
    },
    {
      "mode": "managed",
      "type": "openstack_blockstorage_volume_v3",
      "name": "ied_data",
      "provider": "provider[\"registry.terraform.io/terraform-provider-openstack/openstack\"]",
      "instances": [
        {
          "index_key": "ied1",
          "schema_version": 0,
          "attributes": {
            "attachment": [],
            "availability_zone": "nova",
            "backup_id": "",
            "consistency_group_id": null,
            "description": "",
            "enable_online_resize": null,
            "id": "a56be29c-fa60-4573-a2bc-0c036ce0a644",
            "image_id": null,
            "metadata": {},
            "name": "volume-ied1",
            "region": "regionOne",
            "scheduler_hints": [],
            "size": 50,
            "snapshot_id": "",
            "source_replica": null,
            "source_vol_id": "",
            "timeouts": null,
            "volume_retype_policy": "never",
            "volume_type": "tripleo"
          },
          "sensitive_attributes": [],
          "private": "eyJlMmJmYjczMC1lY2FhLTExZTYtOGY4OC0zNDM2M2JjN2M0YzAiOnsiY3JlYXRlIjo2MDAwMDAwMDAwMDAsImRlbGV0ZSI6NjAwMDAwMDAwMDAwfX0="
        },
        {
          "index_key": "ied2",
          "schema_version": 0,
          "attributes": {
            "attachment": [],
            "availability_zone": "nova",
            "backup_id": "",
            "consistency_group_id": null,
            "description": "",
            "enable_online_resize": null,
            "id": "113fc4b3-086e-4358-b7e8-354ff6aa1069",
            "image_id": null,
            "metadata": {},
            "name": "volume-ied2",
            "region": "regionOne",
            "scheduler_hints": [],
            "size": 50,
            "snapshot_id": "",
            "source_replica": null,
            "source_vol_id": "",
            "timeouts": null,
            "volume_retype_policy": "never",
            "volume_type": "tripleo"
          },
          "sensitive_attributes": [],
          "private": "eyJlMmJmYjczMC1lY2FhLTExZTYtOGY4OC0zNDM2M2JjN2M0YzAiOnsiY3JlYXRlIjo2MDAwMDAwMDAwMDAsImRlbGV0ZSI6NjAwMDAwMDAwMDAwfX0="
        },
        {
          "index_key": "ied3",
          "schema_version": 0,
          "attributes": {
            "attachment": [],
            "availability_zone": "nova",
            "backup_id": "",
            "consistency_group_id": null,
            "description": "",
            "enable_online_resize": null,
            "id": "ff5d410d-4b7c-4beb-8e28-b5bf1db1534d",
            "image_id": null,
            "metadata": {},
            "name": "volume-ied3",
            "region": "regionOne",
            "scheduler_hints": [],
            "size": 50,
            "snapshot_id": "",
            "source_replica": null,
            "source_vol_id": "",
            "timeouts": null,
            "volume_retype_policy": "never",
            "volume_type": "tripleo"
          },
          "sensitive_attributes": [],
          "private": "eyJlMmJmYjczMC1lY2FhLTExZTYtOGY4OC0zNDM2M2JjN2M0YzAiOnsiY3JlYXRlIjo2MDAwMDAwMDAwMDAsImRlbGV0ZSI6NjAwMDAwMDAwMDAwfX0="
        }
      ]
    },
    {
      "mode": "managed",
      "type": "openstack_compute_instance_v2",
      "name": "ied_host",
      "provider": "provider[\"registry.terraform.io/terraform-provider-openstack/openstack\"]",
      "instances": [
        {
          "schema_version": 0,
          "attributes": {
            "access_ip_v4": "192.168.77.122",
            "access_ip_v6": "",
            "admin_pass": null,
            "all_metadata": {},
            "all_tags": [],
            "availability_zone": "nova",
            "availability_zone_hints": null,
            "block_device": [],
            "config_drive": null,
            "created": "2025-07-18 08:58:36 +0000 UTC",
            "flavor_id": "37523f46-86b0-43ec-a7f2-aa1575bd4205",
            "flavor_name": "std2_4",
            "force_delete": false,
            "hypervisor_hostname": "",
            "id": "44c06ea2-878c-4e4a-94f9-ac017aefec57",
            "image_id": "083743a0-0348-4420-8f8c-4c3c8b537064",
            "image_name": "ubuntu-22.04-server-cloudimg-amd64",
            "key_pair": "ssh-key",
            "metadata": null,
            "name": "ied-host",
            "network": [
              {
                "access_network": false,
                "fixed_ip_v4": "192.168.77.122",
                "fixed_ip_v6": "",
                "mac": "fa:16:3e:e1:e9:96",
                "name": "nw_int_virtualizacióndenodoslógicos",
                "port": "04278a7c-5891-40e7-88bc-14dfb3caa69f",
                "uuid": "7b1cb5c9-7990-4605-8d6d-1aa0a49c5f2f"
              }
            ],
            "network_mode": null,
            "personality": [],
            "power_state": "active",
            "region": "regionOne",
            "scheduler_hints": [],
            "security_groups": [
              "default",
              "sg_virtualizacióndenodoslógicos"
            ],
            "stop_before_destroy": false,
            "tags": null,
            "timeouts": null,
            "updated": "2025-07-18 08:58:43 +0000 UTC",
            "user_data": null,
            "vendor_options": []
          },
          "sensitive_attributes": [
            [
              {
                "type": "get_attr",
                "value": "admin_pass"
              }
            ]
          ],
          "private": "eyJlMmJmYjczMC1lY2FhLTExZTYtOGY4OC0zNDM2M2JjN2M0YzAiOnsiY3JlYXRlIjoxODAwMDAwMDAwMDAwLCJkZWxldGUiOjE4MDAwMDAwMDAwMDAsInVwZGF0ZSI6MTgwMDAwMDAwMDAwMH19",
          "dependencies": [
            "openstack_compute_keypair_v2.ssh_key",
            "openstack_networking_network_v2.private_net",
            "openstack_networking_port_v2.vm_port",
            "openstack_networking_secgroup_v2.ssh",
            "openstack_networking_subnet_v2.private_subnet"
          ]
        }
      ]
    },
    {
      "mode": "managed",
      "type": "openstack_compute_keypair_v2",
      "name": "ssh_key",
      "provider": "provider[\"registry.terraform.io/terraform-provider-openstack/openstack\"]",
      "instances": [
        {
          "schema_version": 0,
          "attributes": {
            "fingerprint": "9a:13:e2:10:98:6a:f8:59:1d:37:6d:2d:fb:db:ce:61",
            "id": "ssh-key",
            "name": "ssh-key",
            "private_key": "",
            "public_key": "ssh-ed25519 AAAAC3NzaC1lZDI1NTE5AAAAIKqUKbScpNvmSAx7YQPzh42uobtgpcya05sK2OXNeG5l ngastana@student.42urduliz.com\n",
            "region": "regionOne",
            "user_id": "",
            "value_specs": null
          },
          "sensitive_attributes": [
            [
              {
                "type": "get_attr",
                "value": "private_key"
              }
            ]
          ],
          "private": "bnVsbA=="
        }
      ]
    },
    {
      "mode": "managed",
      "type": "openstack_compute_volume_attach_v2",
      "name": "attach_ied_data",
      "provider": "provider[\"registry.terraform.io/terraform-provider-openstack/openstack\"]",
      "instances": [
        {
          "index_key": "ied1",
          "schema_version": 0,
          "attributes": {
            "device": "/dev/vdb",
            "id": "44c06ea2-878c-4e4a-94f9-ac017aefec57/a56be29c-fa60-4573-a2bc-0c036ce0a644",
            "instance_id": "44c06ea2-878c-4e4a-94f9-ac017aefec57",
            "multiattach": null,
            "region": "regionOne",
            "tag": null,
            "timeouts": null,
            "vendor_options": [],
            "volume_id": "a56be29c-fa60-4573-a2bc-0c036ce0a644"
          },
          "sensitive_attributes": [],
          "private": "eyJlMmJmYjczMC1lY2FhLTExZTYtOGY4OC0zNDM2M2JjN2M0YzAiOnsiY3JlYXRlIjo2MDAwMDAwMDAwMDAsImRlbGV0ZSI6NjAwMDAwMDAwMDAwfX0=",
          "dependencies": [
            "openstack_blockstorage_volume_v3.ied_data",
            "openstack_compute_instance_v2.ied_host",
            "openstack_compute_keypair_v2.ssh_key",
            "openstack_networking_network_v2.private_net",
            "openstack_networking_port_v2.vm_port",
            "openstack_networking_secgroup_v2.ssh",
            "openstack_networking_subnet_v2.private_subnet"
          ]
        },
        {
          "index_key": "ied2",
          "schema_version": 0,
          "attributes": {
            "device": "/dev/vdc",
            "id": "44c06ea2-878c-4e4a-94f9-ac017aefec57/113fc4b3-086e-4358-b7e8-354ff6aa1069",
            "instance_id": "44c06ea2-878c-4e4a-94f9-ac017aefec57",
            "multiattach": null,
            "region": "regionOne",
            "tag": null,
            "timeouts": null,
            "vendor_options": [],
            "volume_id": "113fc4b3-086e-4358-b7e8-354ff6aa1069"
          },
          "sensitive_attributes": [],
          "private": "eyJlMmJmYjczMC1lY2FhLTExZTYtOGY4OC0zNDM2M2JjN2M0YzAiOnsiY3JlYXRlIjo2MDAwMDAwMDAwMDAsImRlbGV0ZSI6NjAwMDAwMDAwMDAwfX0=",
          "dependencies": [
            "openstack_blockstorage_volume_v3.ied_data",
            "openstack_compute_instance_v2.ied_host",
            "openstack_compute_keypair_v2.ssh_key",
            "openstack_networking_network_v2.private_net",
            "openstack_networking_port_v2.vm_port",
            "openstack_networking_secgroup_v2.ssh",
            "openstack_networking_subnet_v2.private_subnet"
          ]
        },
        {
          "index_key": "ied3",
          "schema_version": 0,
          "attributes": {
            "device": "/dev/vdd",
            "id": "44c06ea2-878c-4e4a-94f9-ac017aefec57/ff5d410d-4b7c-4beb-8e28-b5bf1db1534d",
            "instance_id": "44c06ea2-878c-4e4a-94f9-ac017aefec57",
            "multiattach": null,
            "region": "regionOne",
            "tag": null,
            "timeouts": null,
            "vendor_options": [],
            "volume_id": "ff5d410d-4b7c-4beb-8e28-b5bf1db1534d"
          },
          "sensitive_attributes": [],
          "private": "eyJlMmJmYjczMC1lY2FhLTExZTYtOGY4OC0zNDM2M2JjN2M0YzAiOnsiY3JlYXRlIjo2MDAwMDAwMDAwMDAsImRlbGV0ZSI6NjAwMDAwMDAwMDAwfX0=",
          "dependencies": [
            "openstack_blockstorage_volume_v3.ied_data",
            "openstack_compute_instance_v2.ied_host",
            "openstack_compute_keypair_v2.ssh_key",
            "openstack_networking_network_v2.private_net",
            "openstack_networking_port_v2.vm_port",
            "openstack_networking_secgroup_v2.ssh",
            "openstack_networking_subnet_v2.private_subnet"
          ]
        }
      ]
    },
    {
      "mode": "managed",
      "type": "openstack_networking_floatingip_associate_v2",
      "name": "fip_assoc",
      "provider": "provider[\"registry.terraform.io/terraform-provider-openstack/openstack\"]",
      "instances": [
        {
          "schema_version": 0,
          "attributes": {
            "fixed_ip": "192.168.77.122",
            "floating_ip": "172.26.112.149",
            "id": "dea3b540-8a71-4375-838d-6e8e543aa13d",
            "port_id": "04278a7c-5891-40e7-88bc-14dfb3caa69f",
            "region": "regionOne"
          },
          "sensitive_attributes": [],
          "private": "bnVsbA==",
          "dependencies": [
            "data.openstack_networking_network_v2.public_net",
            "openstack_networking_floatingip_v2.fip",
            "openstack_networking_network_v2.private_net",
            "openstack_networking_port_v2.vm_port",
            "openstack_networking_router_interface_v2.router_interface",
            "openstack_networking_router_v2.router",
            "openstack_networking_secgroup_v2.ssh",
            "openstack_networking_subnet_v2.private_subnet"
          ]
        }
      ]
    },
    {
      "mode": "managed",
      "type": "openstack_networking_floatingip_v2",
      "name": "fip",
      "provider": "provider[\"registry.terraform.io/terraform-provider-openstack/openstack\"]",
      "instances": [
        {
          "schema_version": 0,
          "attributes": {
            "address": "172.26.112.149",
            "all_tags": [],
            "description": "",
            "dns_domain": "",
            "dns_name": "",
            "fixed_ip": "",
            "id": "dea3b540-8a71-4375-838d-6e8e543aa13d",
            "pool": "nw_lab_bizkaia_trc",
            "port_id": "",
            "region": "regionOne",
            "subnet_id": null,
            "subnet_ids": null,
            "tags": null,
            "tenant_id": "b92fd58dc3dd4108a86bcd8c5ee71a42",
            "timeouts": null,
            "value_specs": null
          },
          "sensitive_attributes": [],
          "private": "eyJlMmJmYjczMC1lY2FhLTExZTYtOGY4OC0zNDM2M2JjN2M0YzAiOnsiY3JlYXRlIjo2MDAwMDAwMDAwMDAsImRlbGV0ZSI6NjAwMDAwMDAwMDAwfX0=",
          "dependencies": [
            "data.openstack_networking_network_v2.public_net"
          ]
        }
      ]
    },
    {
      "mode": "managed",
      "type": "openstack_networking_network_v2",
      "name": "private_net",
      "provider": "provider[\"registry.terraform.io/terraform-provider-openstack/openstack\"]",
      "instances": [
        {
          "schema_version": 0,
          "attributes": {
            "admin_state_up": true,
            "all_tags": [],
            "availability_zone_hints": [],
            "description": "",
            "dns_domain": "",
            "external": false,
            "id": "7b1cb5c9-7990-4605-8d6d-1aa0a49c5f2f",
            "mtu": 1442,
            "name": "nw_int_virtualizacióndenodoslógicos",
            "port_security_enabled": true,
            "qos_policy_id": "",
            "region": "regionOne",
            "segments": [],
            "shared": false,
            "tags": null,
            "tenant_id": "b92fd58dc3dd4108a86bcd8c5ee71a42",
            "timeouts": null,
            "transparent_vlan": false,
            "value_specs": null
          },
          "sensitive_attributes": [],
          "private": "eyJlMmJmYjczMC1lY2FhLTExZTYtOGY4OC0zNDM2M2JjN2M0YzAiOnsiY3JlYXRlIjo2MDAwMDAwMDAwMDAsImRlbGV0ZSI6NjAwMDAwMDAwMDAwfX0="
        }
      ]
    },
    {
      "mode": "managed",
      "type": "openstack_networking_port_v2",
      "name": "vm_port",
      "provider": "provider[\"registry.terraform.io/terraform-provider-openstack/openstack\"]",
      "instances": [
        {
          "schema_version": 0,
          "attributes": {
            "admin_state_up": true,
            "all_fixed_ips": [
              "192.168.77.122"
            ],
            "all_security_group_ids": [
              "7c6f7453-3156-466a-b3bb-ec11378b4208"
            ],
            "all_tags": [],
            "allowed_address_pairs": [],
            "binding": [
              {
                "host_id": "",
                "profile": "",
                "vif_details": {},
                "vif_type": "",
                "vnic_type": "normal"
              }
            ],
            "description": "",
            "device_id": "",
            "device_owner": "",
            "dns_assignment": [
              {
                "fqdn": "host-192-168-77-122.openstacklocal.",
                "hostname": "host-192-168-77-122",
                "ip_address": "192.168.77.122"
              }
            ],
            "dns_name": "",
            "extra_dhcp_option": [],
            "fixed_ip": [
              {
                "ip_address": "",
                "subnet_id": "a9b06f31-bc09-41f5-a606-d04c28580996"
              }
            ],
            "id": "04278a7c-5891-40e7-88bc-14dfb3caa69f",
            "mac_address": "fa:16:3e:e1:e9:96",
            "name": "ied-host-port",
            "network_id": "7b1cb5c9-7990-4605-8d6d-1aa0a49c5f2f",
            "no_fixed_ip": null,
            "no_security_groups": null,
            "port_security_enabled": true,
            "qos_policy_id": "",
            "region": "regionOne",
            "security_group_ids": [
              "7c6f7453-3156-466a-b3bb-ec11378b4208"
            ],
            "tags": null,
            "tenant_id": "b92fd58dc3dd4108a86bcd8c5ee71a42",
            "timeouts": null,
            "value_specs": null
          },
          "sensitive_attributes": [],
          "private": "eyJlMmJmYjczMC1lY2FhLTExZTYtOGY4OC0zNDM2M2JjN2M0YzAiOnsiY3JlYXRlIjo2MDAwMDAwMDAwMDAsImRlbGV0ZSI6NjAwMDAwMDAwMDAwfX0=",
          "dependencies": [
            "openstack_networking_network_v2.private_net",
            "openstack_networking_secgroup_v2.ssh",
            "openstack_networking_subnet_v2.private_subnet"
          ]
        }
      ]
    },
    {
      "mode": "managed",
      "type": "openstack_networking_router_interface_v2",
      "name": "router_interface",
      "provider": "provider[\"registry.terraform.io/terraform-provider-openstack/openstack\"]",
      "instances": [
        {
          "schema_version": 0,
          "attributes": {
            "force_destroy": false,
            "id": "dc8188d5-dd61-450f-b1da-3b1cf46f2f82",
            "port_id": "dc8188d5-dd61-450f-b1da-3b1cf46f2f82",
            "region": "regionOne",
            "router_id": "f62e77e4-1b08-4b20-8358-7aa7aa3a000b",
            "subnet_id": "a9b06f31-bc09-41f5-a606-d04c28580996",
            "timeouts": null
          },
          "sensitive_attributes": [],
          "private": "eyJlMmJmYjczMC1lY2FhLTExZTYtOGY4OC0zNDM2M2JjN2M0YzAiOnsiY3JlYXRlIjo2MDAwMDAwMDAwMDAsImRlbGV0ZSI6NjAwMDAwMDAwMDAwfX0=",
          "dependencies": [
            "data.openstack_networking_network_v2.public_net",
            "openstack_networking_network_v2.private_net",
            "openstack_networking_router_v2.router",
            "openstack_networking_subnet_v2.private_subnet"
          ]
        }
      ]
    },
    {
      "mode": "managed",
      "type": "openstack_networking_router_v2",
      "name": "router",
      "provider": "provider[\"registry.terraform.io/terraform-provider-openstack/openstack\"]",
      "instances": [
        {
          "schema_version": 0,
          "attributes": {
            "admin_state_up": true,
            "all_tags": [],
            "availability_zone_hints": [],
            "description": "",
            "distributed": false,
            "enable_snat": true,
            "external_fixed_ip": [
              {
                "ip_address": "172.26.112.216",
                "subnet_id": "e98686d6-bc4b-48a1-89e8-09c524428392"
              }
            ],
            "external_network_id": "b58d8f92-c96c-43fb-a591-2dcd8e3d04a2",
            "external_qos_policy_id": null,
            "external_subnet_ids": null,
            "id": "f62e77e4-1b08-4b20-8358-7aa7aa3a000b",
            "name": "router-to-ext",
            "region": "regionOne",
            "tags": null,
            "tenant_id": "b92fd58dc3dd4108a86bcd8c5ee71a42",
            "timeouts": null,
            "value_specs": null,
            "vendor_options": []
          },
          "sensitive_attributes": [],
          "private": "eyJlMmJmYjczMC1lY2FhLTExZTYtOGY4OC0zNDM2M2JjN2M0YzAiOnsiY3JlYXRlIjo2MDAwMDAwMDAwMDAsImRlbGV0ZSI6NjAwMDAwMDAwMDAwfX0=",
          "dependencies": [
            "data.openstack_networking_network_v2.public_net"
          ]
        }
      ]
    },
    {
      "mode": "managed",
      "type": "openstack_networking_secgroup_rule_v2",
      "name": "ssh_rule",
      "provider": "provider[\"registry.terraform.io/terraform-provider-openstack/openstack\"]",
      "instances": [
        {
          "schema_version": 0,
          "attributes": {
            "description": "",
            "direction": "ingress",
            "ethertype": "IPv4",
            "id": "715be16c-1f61-4ac7-9264-66974c4e8d8a",
            "port_range_max": 22,
            "port_range_min": 22,
            "protocol": "tcp",
            "region": "regionOne",
            "remote_address_group_id": "",
            "remote_group_id": "",
            "remote_ip_prefix": "0.0.0.0/0",
            "security_group_id": "7c6f7453-3156-466a-b3bb-ec11378b4208",
            "tenant_id": "b92fd58dc3dd4108a86bcd8c5ee71a42",
            "timeouts": null
          },
          "sensitive_attributes": [],
          "private": "eyJlMmJmYjczMC1lY2FhLTExZTYtOGY4OC0zNDM2M2JjN2M0YzAiOnsiZGVsZXRlIjo2MDAwMDAwMDAwMDB9fQ==",
          "dependencies": [
            "openstack_networking_secgroup_v2.ssh"
          ]
        }
      ]
    },
    {
      "mode": "managed",
      "type": "openstack_networking_secgroup_v2",
      "name": "ssh",
      "provider": "provider[\"registry.terraform.io/terraform-provider-openstack/openstack\"]",
      "instances": [
        {
          "schema_version": 0,
          "attributes": {
            "all_tags": [],
            "delete_default_rules": null,
            "description": "",
            "id": "7c6f7453-3156-466a-b3bb-ec11378b4208",
            "name": "allow_ssh",
            "region": "regionOne",
            "stateful": true,
            "tags": null,
            "tenant_id": "b92fd58dc3dd4108a86bcd8c5ee71a42",
            "timeouts": null
          },
          "sensitive_attributes": [],
          "private": "eyJlMmJmYjczMC1lY2FhLTExZTYtOGY4OC0zNDM2M2JjN2M0YzAiOnsiZGVsZXRlIjo2MDAwMDAwMDAwMDB9fQ=="
        }
      ]
    },
    {
      "mode": "managed",
      "type": "openstack_networking_subnet_v2",
      "name": "private_subnet",
      "provider": "provider[\"registry.terraform.io/terraform-provider-openstack/openstack\"]",
      "instances": [
        {
          "schema_version": 0,
          "attributes": {
            "all_tags": [],
            "allocation_pool": [
              {
                "end": "192.168.77.254",
                "start": "192.168.77.2"
              }
            ],
            "cidr": "192.168.77.0/24",
            "description": "",
            "dns_nameservers": null,
            "dns_publish_fixed_ip": false,
            "enable_dhcp": true,
            "gateway_ip": "192.168.77.1",
            "id": "a9b06f31-bc09-41f5-a606-d04c28580996",
            "ip_version": 4,
            "ipv6_address_mode": "",
            "ipv6_ra_mode": "",
            "name": "custom-subnet-with-dns",
            "network_id": "7b1cb5c9-7990-4605-8d6d-1aa0a49c5f2f",
            "no_gateway": false,
            "prefix_length": null,
            "region": "regionOne",
            "segment_id": "",
            "service_types": [],
            "subnetpool_id": "",
            "tags": null,
            "tenant_id": "b92fd58dc3dd4108a86bcd8c5ee71a42",
            "timeouts": null,
            "value_specs": null
          },
          "sensitive_attributes": [],
          "private": "eyJlMmJmYjczMC1lY2FhLTExZTYtOGY4OC0zNDM2M2JjN2M0YzAiOnsiY3JlYXRlIjo2MDAwMDAwMDAwMDAsImRlbGV0ZSI6NjAwMDAwMDAwMDAwfX0=",
          "dependencies": [
            "openstack_networking_network_v2.private_net"
          ]
        }
      ]
    }
  ],
  "check_results": null
}
