{
  "version": 4,
  "terraform_version": "1.11.4",
  "serial": 22,
  "lineage": "afb8bb6d-f74e-f54c-0009-b3d5ead57b42",
  "outputs": {
    "floating_ip": {
      "value": "172.26.113.238",
      "type": "string"
    },
    "ied_detectados": {
      "value": [
        "ied1",
        "ied2",
        "ied3"
      ],
      "type": [
        "tuple",
        [
          "string",
          "string",
          "string"
        ]
      ]
    }
  },
  "resources": [
    {
      "mode": "data",
      "type": "openstack_networking_network_v2",
      "name": "public_net",
      "provider": "provider[\"registry.terraform.io/terraform-provider-openstack/openstack\"]",
      "instances": [
        {
          "schema_version": 0,
          "attributes": {
            "admin_state_up": "true",
            "all_tags": [],
            "availability_zone_hints": [],
            "description": "",
            "dns_domain": "",
            "external": true,
            "id": "b58d8f92-c96c-43fb-a591-2dcd8e3d04a2",
            "matching_subnet_cidr": null,
            "mtu": 1500,
            "name": "nw_lab_bizkaia_trc",
            "network_id": null,
            "region": "regionOne",
            "segments": [],
            "shared": "false",
            "status": null,
            "subnets": [
              "e98686d6-bc4b-48a1-89e8-09c524428392"
            ],
            "tags": null,
            "tenant_id": "7b66d448ace34e79b97f3586652dc1d1",
            "transparent_vlan": false
          },
          "sensitive_attributes": []
        }
      ]
    },
    {
      "mode": "managed",
      "type": "null_resource",
      "name": "copy_ied_data",
      "provider": "provider[\"registry.terraform.io/hashicorp/null\"]",
      "instances": [
        {
          "index_key": "ied1",
          "status": "tainted",
          "schema_version": 0,
          "attributes": {
            "id": "1547902880203208358",
            "triggers": null
          },
          "sensitive_attributes": [],
          "dependencies": [
            "data.openstack_networking_network_v2.public_net",
            "openstack_blockstorage_volume_v3.ied_data",
            "openstack_compute_instance_v2.ied_host",
            "openstack_compute_keypair_v2.ssh_key",
            "openstack_compute_volume_attach_v2.attach_ied_data",
            "openstack_networking_floatingip_v2.fip",
            "openstack_networking_network_v2.private_net",
            "openstack_networking_port_v2.vm_port",
            "openstack_networking_secgroup_v2.ssh",
            "openstack_networking_subnet_v2.private_subnet"
          ]
        },
        {
          "index_key": "ied2",
          "status": "tainted",
          "schema_version": 0,
          "attributes": {
            "id": "7690276679755414053",
            "triggers": null
          },
          "sensitive_attributes": [],
          "dependencies": [
            "data.openstack_networking_network_v2.public_net",
            "openstack_blockstorage_volume_v3.ied_data",
            "openstack_compute_instance_v2.ied_host",
            "openstack_compute_keypair_v2.ssh_key",
            "openstack_compute_volume_attach_v2.attach_ied_data",
            "openstack_networking_floatingip_v2.fip",
            "openstack_networking_network_v2.private_net",
            "openstack_networking_port_v2.vm_port",
            "openstack_networking_secgroup_v2.ssh",
            "openstack_networking_subnet_v2.private_subnet"
          ]
        },
        {
          "index_key": "ied3",
          "status": "tainted",
          "schema_version": 0,
          "attributes": {
            "id": "443414361169656822",
            "triggers": null
          },
          "sensitive_attributes": [],
          "dependencies": [
            "data.openstack_networking_network_v2.public_net",
            "openstack_blockstorage_volume_v3.ied_data",
            "openstack_compute_instance_v2.ied_host",
            "openstack_compute_keypair_v2.ssh_key",
            "openstack_compute_volume_attach_v2.attach_ied_data",
            "openstack_networking_floatingip_v2.fip",
            "openstack_networking_network_v2.private_net",
            "openstack_networking_port_v2.vm_port",
            "openstack_networking_secgroup_v2.ssh",
            "openstack_networking_subnet_v2.private_subnet"
          ]
        }
      ]
    },
    {
      "mode": "managed",
      "type": "null_resource",
      "name": "provision_all_ieds",
      "provider": "provider[\"registry.terraform.io/hashicorp/null\"]",
      "instances": [
        {
          "status": "tainted",
          "schema_version": 0,
          "attributes": {
            "id": "6492269579450611605",
            "triggers": {
              "always_run": "2025-07-22T15:07:08Z"
            }
          },
          "sensitive_attributes": [],
          "dependencies": [
            "data.openstack_networking_network_v2.public_net",
            "openstack_blockstorage_volume_v3.ied_data",
            "openstack_compute_instance_v2.ied_host",
            "openstack_compute_keypair_v2.ssh_key",
            "openstack_compute_volume_attach_v2.attach_ied_data",
            "openstack_networking_floatingip_associate_v2.fip_assoc",
            "openstack_networking_floatingip_v2.fip",
            "openstack_networking_network_v2.private_net",
            "openstack_networking_port_v2.vm_port",
            "openstack_networking_router_interface_v2.router_interface",
            "openstack_networking_router_v2.router",
            "openstack_networking_secgroup_v2.ssh",
            "openstack_networking_subnet_v2.private_subnet"
          ]
        }
      ]
    },
    {
      "mode": "managed",
      "type": "openstack_blockstorage_volume_v3",
      "name": "ied_data",
      "provider": "provider[\"registry.terraform.io/terraform-provider-openstack/openstack\"]",
      "instances": [
        {
          "index_key": "ied1",
          "schema_version": 0,
          "attributes": {
            "attachment": [],
            "availability_zone": "nova",
            "backup_id": "",
            "consistency_group_id": null,
            "description": "",
            "enable_online_resize": null,
            "id": "194558d4-f211-4191-b352-dff2e9584b37",
            "image_id": null,
            "metadata": {},
            "name": "volume-ied1",
            "region": "regionOne",
            "scheduler_hints": [],
            "size": 50,
            "snapshot_id": "",
            "source_replica": null,
            "source_vol_id": "",
            "timeouts": null,
            "volume_retype_policy": "never",
            "volume_type": "tripleo"
          },
          "sensitive_attributes": [],
          "private": "eyJlMmJmYjczMC1lY2FhLTExZTYtOGY4OC0zNDM2M2JjN2M0YzAiOnsiY3JlYXRlIjo2MDAwMDAwMDAwMDAsImRlbGV0ZSI6NjAwMDAwMDAwMDAwfX0="
        },
        {
          "index_key": "ied2",
          "schema_version": 0,
          "attributes": {
            "attachment": [],
            "availability_zone": "nova",
            "backup_id": "",
            "consistency_group_id": null,
            "description": "",
            "enable_online_resize": null,
            "id": "9280b3a8-d757-4dc8-a14a-06b97c250519",
            "image_id": null,
            "metadata": {},
            "name": "volume-ied2",
            "region": "regionOne",
            "scheduler_hints": [],
            "size": 50,
            "snapshot_id": "",
            "source_replica": null,
            "source_vol_id": "",
            "timeouts": null,
            "volume_retype_policy": "never",
            "volume_type": "tripleo"
          },
          "sensitive_attributes": [],
          "private": "eyJlMmJmYjczMC1lY2FhLTExZTYtOGY4OC0zNDM2M2JjN2M0YzAiOnsiY3JlYXRlIjo2MDAwMDAwMDAwMDAsImRlbGV0ZSI6NjAwMDAwMDAwMDAwfX0="
        },
        {
          "index_key": "ied3",
          "schema_version": 0,
          "attributes": {
            "attachment": [],
            "availability_zone": "nova",
            "backup_id": "",
            "consistency_group_id": null,
            "description": "",
            "enable_online_resize": null,
            "id": "8fab55e9-532d-433d-a19a-822e92bbae04",
            "image_id": null,
            "metadata": {},
            "name": "volume-ied3",
            "region": "regionOne",
            "scheduler_hints": [],
            "size": 50,
            "snapshot_id": "",
            "source_replica": null,
            "source_vol_id": "",
            "timeouts": null,
            "volume_retype_policy": "never",
            "volume_type": "tripleo"
          },
          "sensitive_attributes": [],
          "private": "eyJlMmJmYjczMC1lY2FhLTExZTYtOGY4OC0zNDM2M2JjN2M0YzAiOnsiY3JlYXRlIjo2MDAwMDAwMDAwMDAsImRlbGV0ZSI6NjAwMDAwMDAwMDAwfX0="
        }
      ]
    },
    {
      "mode": "managed",
      "type": "openstack_compute_instance_v2",
      "name": "ied_host",
      "provider": "provider[\"registry.terraform.io/terraform-provider-openstack/openstack\"]",
      "instances": [
        {
          "schema_version": 0,
          "attributes": {
            "access_ip_v4": "192.168.77.110",
            "access_ip_v6": "",
            "admin_pass": null,
            "all_metadata": {},
            "all_tags": [],
            "availability_zone": "nova",
            "availability_zone_hints": null,
            "block_device": [],
            "config_drive": null,
            "created": "2025-07-22 15:06:52 +0000 UTC",
            "flavor_id": "37523f46-86b0-43ec-a7f2-aa1575bd4205",
            "flavor_name": "std2_4",
            "force_delete": false,
            "hypervisor_hostname": "",
            "id": "e6a58596-76f2-471e-b8d9-3c774b034ec0",
            "image_id": "083743a0-0348-4420-8f8c-4c3c8b537064",
            "image_name": "ubuntu-22.04-server-cloudimg-amd64",
            "key_pair": "ssh-key-imglocal",
            "metadata": null,
            "name": "ied-host-imglocal",
            "network": [
              {
                "access_network": false,
                "fixed_ip_v4": "192.168.77.110",
                "fixed_ip_v6": "",
                "mac": "fa:16:3e:a8:af:3a",
                "name": "nw_int_virtualizacióndenodoslógicos_imglocal",
                "port": "2abb2686-bee0-4515-b53a-014c3a363fde",
                "uuid": "401f3498-9e24-4795-b7cf-93dae7056805"
              }
            ],
            "network_mode": null,
            "personality": [],
            "power_state": "active",
            "region": "regionOne",
            "scheduler_hints": [],
            "security_groups": [
              "default",
              "sg_virtualizacióndenodoslógicos"
            ],
            "stop_before_destroy": false,
            "tags": null,
            "timeouts": null,
            "updated": "2025-07-22 15:06:59 +0000 UTC",
            "user_data": null,
            "vendor_options": []
          },
          "sensitive_attributes": [
            [
              {
                "type": "get_attr",
                "value": "admin_pass"
              }
            ]
          ],
          "private": "eyJlMmJmYjczMC1lY2FhLTExZTYtOGY4OC0zNDM2M2JjN2M0YzAiOnsiY3JlYXRlIjoxODAwMDAwMDAwMDAwLCJkZWxldGUiOjE4MDAwMDAwMDAwMDAsInVwZGF0ZSI6MTgwMDAwMDAwMDAwMH19",
          "dependencies": [
            "openstack_compute_keypair_v2.ssh_key",
            "openstack_networking_network_v2.private_net",
            "openstack_networking_port_v2.vm_port",
            "openstack_networking_secgroup_v2.ssh",
            "openstack_networking_subnet_v2.private_subnet"
          ]
        }
      ]
    },
    {
      "mode": "managed",
      "type": "openstack_compute_keypair_v2",
      "name": "ssh_key",
      "provider": "provider[\"registry.terraform.io/terraform-provider-openstack/openstack\"]",
      "instances": [
        {
          "schema_version": 0,
          "attributes": {
            "fingerprint": "9a:13:e2:10:98:6a:f8:59:1d:37:6d:2d:fb:db:ce:61",
            "id": "ssh-key-imglocal",
            "name": "ssh-key-imglocal",
            "private_key": "",
            "public_key": "ssh-ed25519 AAAAC3NzaC1lZDI1NTE5AAAAIKqUKbScpNvmSAx7YQPzh42uobtgpcya05sK2OXNeG5l ngastana@student.42urduliz.com\n",
            "region": "regionOne",
            "user_id": "",
            "value_specs": null
          },
          "sensitive_attributes": [
            [
              {
                "type": "get_attr",
                "value": "private_key"
              }
            ]
          ],
          "private": "bnVsbA=="
        }
      ]
    },
    {
      "mode": "managed",
      "type": "openstack_compute_volume_attach_v2",
      "name": "attach_ied_data",
      "provider": "provider[\"registry.terraform.io/terraform-provider-openstack/openstack\"]",
      "instances": [
        {
          "index_key": "ied1",
          "schema_version": 0,
          "attributes": {
            "device": "/dev/vdd",
            "id": "e6a58596-76f2-471e-b8d9-3c774b034ec0/194558d4-f211-4191-b352-dff2e9584b37",
            "instance_id": "e6a58596-76f2-471e-b8d9-3c774b034ec0",
            "multiattach": null,
            "region": "regionOne",
            "tag": null,
            "timeouts": null,
            "vendor_options": [],
            "volume_id": "194558d4-f211-4191-b352-dff2e9584b37"
          },
          "sensitive_attributes": [],
          "private": "eyJlMmJmYjczMC1lY2FhLTExZTYtOGY4OC0zNDM2M2JjN2M0YzAiOnsiY3JlYXRlIjo2MDAwMDAwMDAwMDAsImRlbGV0ZSI6NjAwMDAwMDAwMDAwfX0=",
          "dependencies": [
            "openstack_blockstorage_volume_v3.ied_data",
            "openstack_compute_instance_v2.ied_host",
            "openstack_compute_keypair_v2.ssh_key",
            "openstack_networking_network_v2.private_net",
            "openstack_networking_port_v2.vm_port",
            "openstack_networking_secgroup_v2.ssh",
            "openstack_networking_subnet_v2.private_subnet"
          ]
        },
        {
          "index_key": "ied2",
          "schema_version": 0,
          "attributes": {
            "device": "/dev/vdb",
            "id": "e6a58596-76f2-471e-b8d9-3c774b034ec0/9280b3a8-d757-4dc8-a14a-06b97c250519",
            "instance_id": "e6a58596-76f2-471e-b8d9-3c774b034ec0",
            "multiattach": null,
            "region": "regionOne",
            "tag": null,
            "timeouts": null,
            "vendor_options": [],
            "volume_id": "9280b3a8-d757-4dc8-a14a-06b97c250519"
          },
          "sensitive_attributes": [],
          "private": "eyJlMmJmYjczMC1lY2FhLTExZTYtOGY4OC0zNDM2M2JjN2M0YzAiOnsiY3JlYXRlIjo2MDAwMDAwMDAwMDAsImRlbGV0ZSI6NjAwMDAwMDAwMDAwfX0=",
          "dependencies": [
            "openstack_blockstorage_volume_v3.ied_data",
            "openstack_compute_instance_v2.ied_host",
            "openstack_compute_keypair_v2.ssh_key",
            "openstack_networking_network_v2.private_net",
            "openstack_networking_port_v2.vm_port",
            "openstack_networking_secgroup_v2.ssh",
            "openstack_networking_subnet_v2.private_subnet"
          ]
        },
        {
          "index_key": "ied3",
          "schema_version": 0,
          "attributes": {
            "device": "/dev/vdc",
            "id": "e6a58596-76f2-471e-b8d9-3c774b034ec0/8fab55e9-532d-433d-a19a-822e92bbae04",
            "instance_id": "e6a58596-76f2-471e-b8d9-3c774b034ec0",
            "multiattach": null,
            "region": "regionOne",
            "tag": null,
            "timeouts": null,
            "vendor_options": [],
            "volume_id": "8fab55e9-532d-433d-a19a-822e92bbae04"
          },
          "sensitive_attributes": [],
          "private": "eyJlMmJmYjczMC1lY2FhLTExZTYtOGY4OC0zNDM2M2JjN2M0YzAiOnsiY3JlYXRlIjo2MDAwMDAwMDAwMDAsImRlbGV0ZSI6NjAwMDAwMDAwMDAwfX0=",
          "dependencies": [
            "openstack_blockstorage_volume_v3.ied_data",
            "openstack_compute_instance_v2.ied_host",
            "openstack_compute_keypair_v2.ssh_key",
            "openstack_networking_network_v2.private_net",
            "openstack_networking_port_v2.vm_port",
            "openstack_networking_secgroup_v2.ssh",
            "openstack_networking_subnet_v2.private_subnet"
          ]
        }
      ]
    },
    {
      "mode": "managed",
      "type": "openstack_networking_floatingip_associate_v2",
      "name": "fip_assoc",
      "provider": "provider[\"registry.terraform.io/terraform-provider-openstack/openstack\"]",
      "instances": [
        {
          "schema_version": 0,
          "attributes": {
            "fixed_ip": "192.168.77.110",
            "floating_ip": "172.26.113.238",
            "id": "e191419f-1bcf-4c40-840b-141c13f7d99d",
            "port_id": "2abb2686-bee0-4515-b53a-014c3a363fde",
            "region": "regionOne"
          },
          "sensitive_attributes": [],
          "private": "bnVsbA==",
          "dependencies": [
            "data.openstack_networking_network_v2.public_net",
            "openstack_networking_floatingip_v2.fip",
            "openstack_networking_network_v2.private_net",
            "openstack_networking_port_v2.vm_port",
            "openstack_networking_router_interface_v2.router_interface",
            "openstack_networking_router_v2.router",
            "openstack_networking_secgroup_v2.ssh",
            "openstack_networking_subnet_v2.private_subnet"
          ]
        }
      ]
    },
    {
      "mode": "managed",
      "type": "openstack_networking_floatingip_v2",
      "name": "fip",
      "provider": "provider[\"registry.terraform.io/terraform-provider-openstack/openstack\"]",
      "instances": [
        {
          "schema_version": 0,
          "attributes": {
            "address": "172.26.113.238",
            "all_tags": [],
            "description": "",
            "dns_domain": "",
            "dns_name": "",
            "fixed_ip": "",
            "id": "e191419f-1bcf-4c40-840b-141c13f7d99d",
            "pool": "nw_lab_bizkaia_trc",
            "port_id": "",
            "region": "regionOne",
            "subnet_id": null,
            "subnet_ids": null,
            "tags": null,
            "tenant_id": "b92fd58dc3dd4108a86bcd8c5ee71a42",
            "timeouts": null,
            "value_specs": null
          },
          "sensitive_attributes": [],
          "private": "eyJlMmJmYjczMC1lY2FhLTExZTYtOGY4OC0zNDM2M2JjN2M0YzAiOnsiY3JlYXRlIjo2MDAwMDAwMDAwMDAsImRlbGV0ZSI6NjAwMDAwMDAwMDAwfX0=",
          "dependencies": [
            "data.openstack_networking_network_v2.public_net"
          ]
        }
      ]
    },
    {
      "mode": "managed",
      "type": "openstack_networking_network_v2",
      "name": "private_net",
      "provider": "provider[\"registry.terraform.io/terraform-provider-openstack/openstack\"]",
      "instances": [
        {
          "schema_version": 0,
          "attributes": {
            "admin_state_up": true,
            "all_tags": [],
            "availability_zone_hints": [],
            "description": "",
            "dns_domain": "",
            "external": false,
            "id": "401f3498-9e24-4795-b7cf-93dae7056805",
            "mtu": 1442,
            "name": "nw_int_virtualizacióndenodoslógicos_imglocal",
            "port_security_enabled": true,
            "qos_policy_id": "",
            "region": "regionOne",
            "segments": [],
            "shared": false,
            "tags": null,
            "tenant_id": "b92fd58dc3dd4108a86bcd8c5ee71a42",
            "timeouts": null,
            "transparent_vlan": false,
            "value_specs": null
          },
          "sensitive_attributes": [],
          "private": "eyJlMmJmYjczMC1lY2FhLTExZTYtOGY4OC0zNDM2M2JjN2M0YzAiOnsiY3JlYXRlIjo2MDAwMDAwMDAwMDAsImRlbGV0ZSI6NjAwMDAwMDAwMDAwfX0="
        }
      ]
    },
    {
      "mode": "managed",
      "type": "openstack_networking_port_v2",
      "name": "vm_port",
      "provider": "provider[\"registry.terraform.io/terraform-provider-openstack/openstack\"]",
      "instances": [
        {
          "schema_version": 0,
          "attributes": {
            "admin_state_up": true,
            "all_fixed_ips": [
              "192.168.77.110"
            ],
            "all_security_group_ids": [
              "c98eda0f-a729-4d56-b3d9-268e2712d61d"
            ],
            "all_tags": [],
            "allowed_address_pairs": [],
            "binding": [
              {
                "host_id": "",
                "profile": "",
                "vif_details": {},
                "vif_type": "",
                "vnic_type": "normal"
              }
            ],
            "description": "",
            "device_id": "",
            "device_owner": "",
            "dns_assignment": [
              {
                "fqdn": "host-192-168-77-110.openstacklocal.",
                "hostname": "host-192-168-77-110",
                "ip_address": "192.168.77.110"
              }
            ],
            "dns_name": "",
            "extra_dhcp_option": [],
            "fixed_ip": [
              {
                "ip_address": "",
                "subnet_id": "ef2f8e8d-7a14-4be4-88e7-99ffb2023a99"
              }
            ],
            "id": "2abb2686-bee0-4515-b53a-014c3a363fde",
            "mac_address": "fa:16:3e:a8:af:3a",
            "name": "ied-port-imglocal",
            "network_id": "401f3498-9e24-4795-b7cf-93dae7056805",
            "no_fixed_ip": null,
            "no_security_groups": null,
            "port_security_enabled": true,
            "qos_policy_id": "",
            "region": "regionOne",
            "security_group_ids": [
              "c98eda0f-a729-4d56-b3d9-268e2712d61d"
            ],
            "tags": null,
            "tenant_id": "b92fd58dc3dd4108a86bcd8c5ee71a42",
            "timeouts": null,
            "value_specs": null
          },
          "sensitive_attributes": [],
          "private": "eyJlMmJmYjczMC1lY2FhLTExZTYtOGY4OC0zNDM2M2JjN2M0YzAiOnsiY3JlYXRlIjo2MDAwMDAwMDAwMDAsImRlbGV0ZSI6NjAwMDAwMDAwMDAwfX0=",
          "dependencies": [
            "openstack_networking_network_v2.private_net",
            "openstack_networking_secgroup_v2.ssh",
            "openstack_networking_subnet_v2.private_subnet"
          ]
        }
      ]
    },
    {
      "mode": "managed",
      "type": "openstack_networking_router_interface_v2",
      "name": "router_interface",
      "provider": "provider[\"registry.terraform.io/terraform-provider-openstack/openstack\"]",
      "instances": [
        {
          "schema_version": 0,
          "attributes": {
            "force_destroy": false,
            "id": "b565d51e-4247-48f5-bf92-7252d59e630e",
            "port_id": "b565d51e-4247-48f5-bf92-7252d59e630e",
            "region": "regionOne",
            "router_id": "99084e3e-597e-44ac-8450-07816f6e56f5",
            "subnet_id": "ef2f8e8d-7a14-4be4-88e7-99ffb2023a99",
            "timeouts": null
          },
          "sensitive_attributes": [],
          "private": "eyJlMmJmYjczMC1lY2FhLTExZTYtOGY4OC0zNDM2M2JjN2M0YzAiOnsiY3JlYXRlIjo2MDAwMDAwMDAwMDAsImRlbGV0ZSI6NjAwMDAwMDAwMDAwfX0=",
          "dependencies": [
            "data.openstack_networking_network_v2.public_net",
            "openstack_networking_network_v2.private_net",
            "openstack_networking_router_v2.router",
            "openstack_networking_subnet_v2.private_subnet"
          ]
        }
      ]
    },
    {
      "mode": "managed",
      "type": "openstack_networking_router_v2",
      "name": "router",
      "provider": "provider[\"registry.terraform.io/terraform-provider-openstack/openstack\"]",
      "instances": [
        {
          "schema_version": 0,
          "attributes": {
            "admin_state_up": true,
            "all_tags": [],
            "availability_zone_hints": [],
            "description": "",
            "distributed": false,
            "enable_snat": true,
            "external_fixed_ip": [
              {
                "ip_address": "172.26.113.84",
                "subnet_id": "e98686d6-bc4b-48a1-89e8-09c524428392"
              }
            ],
            "external_network_id": "b58d8f92-c96c-43fb-a591-2dcd8e3d04a2",
            "external_qos_policy_id": null,
            "external_subnet_ids": null,
            "id": "99084e3e-597e-44ac-8450-07816f6e56f5",
            "name": "router-to-ext-imglocal",
            "region": "regionOne",
            "tags": null,
            "tenant_id": "b92fd58dc3dd4108a86bcd8c5ee71a42",
            "timeouts": null,
            "value_specs": null,
            "vendor_options": []
          },
          "sensitive_attributes": [],
          "private": "eyJlMmJmYjczMC1lY2FhLTExZTYtOGY4OC0zNDM2M2JjN2M0YzAiOnsiY3JlYXRlIjo2MDAwMDAwMDAwMDAsImRlbGV0ZSI6NjAwMDAwMDAwMDAwfX0=",
          "dependencies": [
            "data.openstack_networking_network_v2.public_net"
          ]
        }
      ]
    },
    {
      "mode": "managed",
      "type": "openstack_networking_secgroup_rule_v2",
      "name": "ssh_rule",
      "provider": "provider[\"registry.terraform.io/terraform-provider-openstack/openstack\"]",
      "instances": [
        {
          "schema_version": 0,
          "attributes": {
            "description": "",
            "direction": "ingress",
            "ethertype": "IPv4",
            "id": "d1480b35-3312-4fc7-89da-9fca8329db12",
            "port_range_max": 22,
            "port_range_min": 22,
            "protocol": "tcp",
            "region": "regionOne",
            "remote_address_group_id": "",
            "remote_group_id": "",
            "remote_ip_prefix": "0.0.0.0/0",
            "security_group_id": "c98eda0f-a729-4d56-b3d9-268e2712d61d",
            "tenant_id": "b92fd58dc3dd4108a86bcd8c5ee71a42",
            "timeouts": null
          },
          "sensitive_attributes": [],
          "private": "eyJlMmJmYjczMC1lY2FhLTExZTYtOGY4OC0zNDM2M2JjN2M0YzAiOnsiZGVsZXRlIjo2MDAwMDAwMDAwMDB9fQ==",
          "dependencies": [
            "openstack_networking_secgroup_v2.ssh"
          ]
        }
      ]
    },
    {
      "mode": "managed",
      "type": "openstack_networking_secgroup_v2",
      "name": "ssh",
      "provider": "provider[\"registry.terraform.io/terraform-provider-openstack/openstack\"]",
      "instances": [
        {
          "schema_version": 0,
          "attributes": {
            "all_tags": [],
            "delete_default_rules": true,
            "description": "",
            "id": "c98eda0f-a729-4d56-b3d9-268e2712d61d",
            "name": "allow_ssh-imglocal",
            "region": "regionOne",
            "stateful": true,
            "tags": null,
            "tenant_id": "b92fd58dc3dd4108a86bcd8c5ee71a42",
            "timeouts": null
          },
          "sensitive_attributes": [],
          "private": "eyJlMmJmYjczMC1lY2FhLTExZTYtOGY4OC0zNDM2M2JjN2M0YzAiOnsiZGVsZXRlIjo2MDAwMDAwMDAwMDB9fQ=="
        }
      ]
    },
    {
      "mode": "managed",
      "type": "openstack_networking_subnet_v2",
      "name": "private_subnet",
      "provider": "provider[\"registry.terraform.io/terraform-provider-openstack/openstack\"]",
      "instances": [
        {
          "schema_version": 0,
          "attributes": {
            "all_tags": [],
            "allocation_pool": [
              {
                "end": "192.168.77.254",
                "start": "192.168.77.2"
              }
            ],
            "cidr": "192.168.77.0/24",
            "description": "",
            "dns_nameservers": null,
            "dns_publish_fixed_ip": false,
            "enable_dhcp": true,
            "gateway_ip": "192.168.77.1",
            "id": "ef2f8e8d-7a14-4be4-88e7-99ffb2023a99",
            "ip_version": 4,
            "ipv6_address_mode": "",
            "ipv6_ra_mode": "",
            "name": "subred-privada-imglocal",
            "network_id": "401f3498-9e24-4795-b7cf-93dae7056805",
            "no_gateway": false,
            "prefix_length": null,
            "region": "regionOne",
            "segment_id": "",
            "service_types": [],
            "subnetpool_id": "",
            "tags": null,
            "tenant_id": "b92fd58dc3dd4108a86bcd8c5ee71a42",
            "timeouts": null,
            "value_specs": null
          },
          "sensitive_attributes": [],
          "private": "eyJlMmJmYjczMC1lY2FhLTExZTYtOGY4OC0zNDM2M2JjN2M0YzAiOnsiY3JlYXRlIjo2MDAwMDAwMDAwMDAsImRlbGV0ZSI6NjAwMDAwMDAwMDAwfX0=",
          "dependencies": [
            "openstack_networking_network_v2.private_net"
          ]
        }
      ]
    }
  ],
  "check_results": null
}
