{
  "version": 4,
  "terraform_version": "1.11.4",
  "serial": 22,
  "lineage": "dfa7c4f6-2e56-cc3e-6529-4b3ff34478e5",
  "outputs": {
    "floating_ip": {
      "value": "172.26.113.25",
      "type": "string"
    },
    "ied_detectados": {
      "value": [
        "ied1",
        "ied2",
        "ied3"
      ],
      "type": [
        "tuple",
        [
          "string",
          "string",
          "string"
        ]
      ]
    }
  },
  "resources": [
    {
      "mode": "data",
      "type": "openstack_networking_network_v2",
      "name": "public_net",
      "provider": "provider[\"registry.terraform.io/terraform-provider-openstack/openstack\"]",
      "instances": [
        {
          "schema_version": 0,
          "attributes": {
            "admin_state_up": "true",
            "all_tags": [],
            "availability_zone_hints": [],
            "description": "",
            "dns_domain": "",
            "external": true,
            "id": "b58d8f92-c96c-43fb-a591-2dcd8e3d04a2",
            "matching_subnet_cidr": null,
            "mtu": 1500,
            "name": "nw_lab_bizkaia_trc",
            "network_id": null,
            "region": "regionOne",
            "segments": [],
            "shared": "false",
            "status": null,
            "subnets": [
              "e98686d6-bc4b-48a1-89e8-09c524428392"
            ],
            "tags": null,
            "tenant_id": "7b66d448ace34e79b97f3586652dc1d1",
            "transparent_vlan": false
          },
          "sensitive_attributes": []
        }
      ]
    },
    {
      "mode": "managed",
      "type": "null_resource",
      "name": "copy_ied_data",
      "provider": "provider[\"registry.terraform.io/hashicorp/null\"]",
      "instances": [
        {
          "index_key": "ied1",
          "schema_version": 0,
          "attributes": {
            "id": "5729158576140192662",
            "triggers": null
          },
          "sensitive_attributes": [],
          "dependencies": [
            "data.openstack_networking_network_v2.public_net",
            "openstack_blockstorage_volume_v3.ied_data",
            "openstack_compute_instance_v2.ied_host",
            "openstack_compute_keypair_v2.ssh_key",
            "openstack_compute_volume_attach_v2.attach_ied_data",
            "openstack_networking_floatingip_v2.fip",
            "openstack_networking_network_v2.private_net",
            "openstack_networking_port_v2.vm_port",
            "openstack_networking_secgroup_v2.ssh",
            "openstack_networking_subnet_v2.private_subnet"
          ]
        },
        {
          "index_key": "ied2",
          "schema_version": 0,
          "attributes": {
            "id": "3598628447994279693",
            "triggers": null
          },
          "sensitive_attributes": [],
          "dependencies": [
            "data.openstack_networking_network_v2.public_net",
            "openstack_blockstorage_volume_v3.ied_data",
            "openstack_compute_instance_v2.ied_host",
            "openstack_compute_keypair_v2.ssh_key",
            "openstack_compute_volume_attach_v2.attach_ied_data",
            "openstack_networking_floatingip_v2.fip",
            "openstack_networking_network_v2.private_net",
            "openstack_networking_port_v2.vm_port",
            "openstack_networking_secgroup_v2.ssh",
            "openstack_networking_subnet_v2.private_subnet"
          ]
        },
        {
          "index_key": "ied3",
          "schema_version": 0,
          "attributes": {
            "id": "7242419673589844984",
            "triggers": null
          },
          "sensitive_attributes": [],
          "dependencies": [
            "data.openstack_networking_network_v2.public_net",
            "openstack_blockstorage_volume_v3.ied_data",
            "openstack_compute_instance_v2.ied_host",
            "openstack_compute_keypair_v2.ssh_key",
            "openstack_compute_volume_attach_v2.attach_ied_data",
            "openstack_networking_floatingip_v2.fip",
            "openstack_networking_network_v2.private_net",
            "openstack_networking_port_v2.vm_port",
            "openstack_networking_secgroup_v2.ssh",
            "openstack_networking_subnet_v2.private_subnet"
          ]
        }
      ]
    },
    {
      "mode": "managed",
      "type": "null_resource",
      "name": "provision_all_ieds",
      "provider": "provider[\"registry.terraform.io/hashicorp/null\"]",
      "instances": [
        {
          "schema_version": 0,
          "attributes": {
            "id": "8427044470606808346",
            "triggers": {
              "always_run": "2025-07-18T09:04:15Z"
            }
          },
          "sensitive_attributes": [],
          "dependencies": [
            "data.openstack_networking_network_v2.public_net",
            "openstack_blockstorage_volume_v3.ied_data",
            "openstack_compute_instance_v2.ied_host",
            "openstack_compute_keypair_v2.ssh_key",
            "openstack_compute_volume_attach_v2.attach_ied_data",
            "openstack_networking_floatingip_associate_v2.fip_assoc",
            "openstack_networking_floatingip_v2.fip",
            "openstack_networking_network_v2.private_net",
            "openstack_networking_port_v2.vm_port",
            "openstack_networking_router_interface_v2.router_interface",
            "openstack_networking_router_v2.router",
            "openstack_networking_secgroup_v2.ssh",
            "openstack_networking_subnet_v2.private_subnet"
          ]
        }
      ]
    },
    {
      "mode": "managed",
      "type": "openstack_blockstorage_volume_v3",
      "name": "ied_data",
      "provider": "provider[\"registry.terraform.io/terraform-provider-openstack/openstack\"]",
      "instances": [
        {
          "index_key": "ied1",
          "schema_version": 0,
          "attributes": {
            "attachment": [],
            "availability_zone": "nova",
            "backup_id": "",
            "consistency_group_id": null,
            "description": "",
            "enable_online_resize": null,
            "id": "6dc8ecb9-f92c-460d-8715-24049994d01e",
            "image_id": null,
            "metadata": {},
            "name": "volume-ied1",
            "region": "regionOne",
            "scheduler_hints": [],
            "size": 45,
            "snapshot_id": "",
            "source_replica": null,
            "source_vol_id": "",
            "timeouts": null,
            "volume_retype_policy": "never",
            "volume_type": "tripleo"
          },
          "sensitive_attributes": [],
          "private": "eyJlMmJmYjczMC1lY2FhLTExZTYtOGY4OC0zNDM2M2JjN2M0YzAiOnsiY3JlYXRlIjo2MDAwMDAwMDAwMDAsImRlbGV0ZSI6NjAwMDAwMDAwMDAwfX0="
        },
        {
          "index_key": "ied2",
          "schema_version": 0,
          "attributes": {
            "attachment": [],
            "availability_zone": "nova",
            "backup_id": "",
            "consistency_group_id": null,
            "description": "",
            "enable_online_resize": null,
            "id": "38e71ba5-2ff5-4115-a11f-bd17d060f15d",
            "image_id": null,
            "metadata": {},
            "name": "volume-ied2",
            "region": "regionOne",
            "scheduler_hints": [],
            "size": 45,
            "snapshot_id": "",
            "source_replica": null,
            "source_vol_id": "",
            "timeouts": null,
            "volume_retype_policy": "never",
            "volume_type": "tripleo"
          },
          "sensitive_attributes": [],
          "private": "eyJlMmJmYjczMC1lY2FhLTExZTYtOGY4OC0zNDM2M2JjN2M0YzAiOnsiY3JlYXRlIjo2MDAwMDAwMDAwMDAsImRlbGV0ZSI6NjAwMDAwMDAwMDAwfX0="
        },
        {
          "index_key": "ied3",
          "schema_version": 0,
          "attributes": {
            "attachment": [],
            "availability_zone": "nova",
            "backup_id": "",
            "consistency_group_id": null,
            "description": "",
            "enable_online_resize": null,
            "id": "2e207c19-94c2-4f50-bbed-0b6bcd275319",
            "image_id": null,
            "metadata": {},
            "name": "volume-ied3",
            "region": "regionOne",
            "scheduler_hints": [],
            "size": 45,
            "snapshot_id": "",
            "source_replica": null,
            "source_vol_id": "",
            "timeouts": null,
            "volume_retype_policy": "never",
            "volume_type": "tripleo"
          },
          "sensitive_attributes": [],
          "private": "eyJlMmJmYjczMC1lY2FhLTExZTYtOGY4OC0zNDM2M2JjN2M0YzAiOnsiY3JlYXRlIjo2MDAwMDAwMDAwMDAsImRlbGV0ZSI6NjAwMDAwMDAwMDAwfX0="
        }
      ]
    },
    {
      "mode": "managed",
      "type": "openstack_compute_instance_v2",
      "name": "ied_host",
      "provider": "provider[\"registry.terraform.io/terraform-provider-openstack/openstack\"]",
      "instances": [
        {
          "schema_version": 0,
          "attributes": {
            "access_ip_v4": "192.168.77.151",
            "access_ip_v6": "",
            "admin_pass": null,
            "all_metadata": {},
            "all_tags": [],
            "availability_zone": "nova",
            "availability_zone_hints": null,
            "block_device": [],
            "config_drive": null,
            "created": "2025-07-18 09:03:58 +0000 UTC",
            "flavor_id": "37523f46-86b0-43ec-a7f2-aa1575bd4205",
            "flavor_name": "std2_4",
            "force_delete": false,
            "hypervisor_hostname": "",
            "id": "b3273862-2b00-4395-929b-70eef033e223",
            "image_id": "083743a0-0348-4420-8f8c-4c3c8b537064",
            "image_name": "ubuntu-22.04-server-cloudimg-amd64",
            "key_pair": "ssh-key",
            "metadata": null,
            "name": "ied-host",
            "network": [
              {
                "access_network": false,
                "fixed_ip_v4": "192.168.77.151",
                "fixed_ip_v6": "",
                "mac": "fa:16:3e:24:aa:00",
                "name": "nw_int_virtualizacióndenodoslógicos",
                "port": "979fb3a5-24ee-47a3-8e3a-bf52b313a0ed",
                "uuid": "0657ba6a-4bbd-4b42-8121-bd0e2e4015be"
              }
            ],
            "network_mode": null,
            "personality": [],
            "power_state": "active",
            "region": "regionOne",
            "scheduler_hints": [],
            "security_groups": [
              "default",
              "sg_virtualizacióndenodoslógicos"
            ],
            "stop_before_destroy": false,
            "tags": null,
            "timeouts": null,
            "updated": "2025-07-18 09:04:05 +0000 UTC",
            "user_data": null,
            "vendor_options": []
          },
          "sensitive_attributes": [
            [
              {
                "type": "get_attr",
                "value": "admin_pass"
              }
            ]
          ],
          "private": "eyJlMmJmYjczMC1lY2FhLTExZTYtOGY4OC0zNDM2M2JjN2M0YzAiOnsiY3JlYXRlIjoxODAwMDAwMDAwMDAwLCJkZWxldGUiOjE4MDAwMDAwMDAwMDAsInVwZGF0ZSI6MTgwMDAwMDAwMDAwMH19",
          "dependencies": [
            "openstack_compute_keypair_v2.ssh_key",
            "openstack_networking_network_v2.private_net",
            "openstack_networking_port_v2.vm_port",
            "openstack_networking_secgroup_v2.ssh",
            "openstack_networking_subnet_v2.private_subnet"
          ]
        }
      ]
    },
    {
      "mode": "managed",
      "type": "openstack_compute_keypair_v2",
      "name": "ssh_key",
      "provider": "provider[\"registry.terraform.io/terraform-provider-openstack/openstack\"]",
      "instances": [
        {
          "schema_version": 0,
          "attributes": {
            "fingerprint": "9a:13:e2:10:98:6a:f8:59:1d:37:6d:2d:fb:db:ce:61",
            "id": "ssh-key",
            "name": "ssh-key",
            "private_key": "",
            "public_key": "ssh-ed25519 AAAAC3NzaC1lZDI1NTE5AAAAIKqUKbScpNvmSAx7YQPzh42uobtgpcya05sK2OXNeG5l ngastana@student.42urduliz.com\n",
            "region": "regionOne",
            "user_id": "",
            "value_specs": null
          },
          "sensitive_attributes": [
            [
              {
                "type": "get_attr",
                "value": "private_key"
              }
            ]
          ],
          "private": "bnVsbA=="
        }
      ]
    },
    {
      "mode": "managed",
      "type": "openstack_compute_volume_attach_v2",
      "name": "attach_ied_data",
      "provider": "provider[\"registry.terraform.io/terraform-provider-openstack/openstack\"]",
      "instances": [
        {
          "index_key": "ied1",
          "schema_version": 0,
          "attributes": {
            "device": "/dev/vdb",
            "id": "b3273862-2b00-4395-929b-70eef033e223/6dc8ecb9-f92c-460d-8715-24049994d01e",
            "instance_id": "b3273862-2b00-4395-929b-70eef033e223",
            "multiattach": null,
            "region": "regionOne",
            "tag": null,
            "timeouts": null,
            "vendor_options": [],
            "volume_id": "6dc8ecb9-f92c-460d-8715-24049994d01e"
          },
          "sensitive_attributes": [],
          "private": "eyJlMmJmYjczMC1lY2FhLTExZTYtOGY4OC0zNDM2M2JjN2M0YzAiOnsiY3JlYXRlIjo2MDAwMDAwMDAwMDAsImRlbGV0ZSI6NjAwMDAwMDAwMDAwfX0=",
          "dependencies": [
            "openstack_blockstorage_volume_v3.ied_data",
            "openstack_compute_instance_v2.ied_host",
            "openstack_compute_keypair_v2.ssh_key",
            "openstack_networking_network_v2.private_net",
            "openstack_networking_port_v2.vm_port",
            "openstack_networking_secgroup_v2.ssh",
            "openstack_networking_subnet_v2.private_subnet"
          ]
        },
        {
          "index_key": "ied2",
          "schema_version": 0,
          "attributes": {
            "device": "/dev/vdd",
            "id": "b3273862-2b00-4395-929b-70eef033e223/38e71ba5-2ff5-4115-a11f-bd17d060f15d",
            "instance_id": "b3273862-2b00-4395-929b-70eef033e223",
            "multiattach": null,
            "region": "regionOne",
            "tag": null,
            "timeouts": null,
            "vendor_options": [],
            "volume_id": "38e71ba5-2ff5-4115-a11f-bd17d060f15d"
          },
          "sensitive_attributes": [],
          "private": "eyJlMmJmYjczMC1lY2FhLTExZTYtOGY4OC0zNDM2M2JjN2M0YzAiOnsiY3JlYXRlIjo2MDAwMDAwMDAwMDAsImRlbGV0ZSI6NjAwMDAwMDAwMDAwfX0=",
          "dependencies": [
            "openstack_blockstorage_volume_v3.ied_data",
            "openstack_compute_instance_v2.ied_host",
            "openstack_compute_keypair_v2.ssh_key",
            "openstack_networking_network_v2.private_net",
            "openstack_networking_port_v2.vm_port",
            "openstack_networking_secgroup_v2.ssh",
            "openstack_networking_subnet_v2.private_subnet"
          ]
        },
        {
          "index_key": "ied3",
          "schema_version": 0,
          "attributes": {
            "device": "/dev/vdc",
            "id": "b3273862-2b00-4395-929b-70eef033e223/2e207c19-94c2-4f50-bbed-0b6bcd275319",
            "instance_id": "b3273862-2b00-4395-929b-70eef033e223",
            "multiattach": null,
            "region": "regionOne",
            "tag": null,
            "timeouts": null,
            "vendor_options": [],
            "volume_id": "2e207c19-94c2-4f50-bbed-0b6bcd275319"
          },
          "sensitive_attributes": [],
          "private": "eyJlMmJmYjczMC1lY2FhLTExZTYtOGY4OC0zNDM2M2JjN2M0YzAiOnsiY3JlYXRlIjo2MDAwMDAwMDAwMDAsImRlbGV0ZSI6NjAwMDAwMDAwMDAwfX0=",
          "dependencies": [
            "openstack_blockstorage_volume_v3.ied_data",
            "openstack_compute_instance_v2.ied_host",
            "openstack_compute_keypair_v2.ssh_key",
            "openstack_networking_network_v2.private_net",
            "openstack_networking_port_v2.vm_port",
            "openstack_networking_secgroup_v2.ssh",
            "openstack_networking_subnet_v2.private_subnet"
          ]
        }
      ]
    },
    {
      "mode": "managed",
      "type": "openstack_networking_floatingip_associate_v2",
      "name": "fip_assoc",
      "provider": "provider[\"registry.terraform.io/terraform-provider-openstack/openstack\"]",
      "instances": [
        {
          "schema_version": 0,
          "attributes": {
            "fixed_ip": "192.168.77.151",
            "floating_ip": "172.26.113.25",
            "id": "71662892-b3e0-43b6-8781-956a31c3318d",
            "port_id": "979fb3a5-24ee-47a3-8e3a-bf52b313a0ed",
            "region": "regionOne"
          },
          "sensitive_attributes": [],
          "private": "bnVsbA==",
          "dependencies": [
            "data.openstack_networking_network_v2.public_net",
            "openstack_networking_floatingip_v2.fip",
            "openstack_networking_network_v2.private_net",
            "openstack_networking_port_v2.vm_port",
            "openstack_networking_router_interface_v2.router_interface",
            "openstack_networking_router_v2.router",
            "openstack_networking_secgroup_v2.ssh",
            "openstack_networking_subnet_v2.private_subnet"
          ]
        }
      ]
    },
    {
      "mode": "managed",
      "type": "openstack_networking_floatingip_v2",
      "name": "fip",
      "provider": "provider[\"registry.terraform.io/terraform-provider-openstack/openstack\"]",
      "instances": [
        {
          "schema_version": 0,
          "attributes": {
            "address": "172.26.113.25",
            "all_tags": [],
            "description": "",
            "dns_domain": "",
            "dns_name": "",
            "fixed_ip": "",
            "id": "71662892-b3e0-43b6-8781-956a31c3318d",
            "pool": "nw_lab_bizkaia_trc",
            "port_id": "",
            "region": "regionOne",
            "subnet_id": null,
            "subnet_ids": null,
            "tags": null,
            "tenant_id": "b92fd58dc3dd4108a86bcd8c5ee71a42",
            "timeouts": null,
            "value_specs": null
          },
          "sensitive_attributes": [],
          "private": "eyJlMmJmYjczMC1lY2FhLTExZTYtOGY4OC0zNDM2M2JjN2M0YzAiOnsiY3JlYXRlIjo2MDAwMDAwMDAwMDAsImRlbGV0ZSI6NjAwMDAwMDAwMDAwfX0=",
          "dependencies": [
            "data.openstack_networking_network_v2.public_net"
          ]
        }
      ]
    },
    {
      "mode": "managed",
      "type": "openstack_networking_network_v2",
      "name": "private_net",
      "provider": "provider[\"registry.terraform.io/terraform-provider-openstack/openstack\"]",
      "instances": [
        {
          "schema_version": 0,
          "attributes": {
            "admin_state_up": true,
            "all_tags": [],
            "availability_zone_hints": [],
            "description": "",
            "dns_domain": "",
            "external": false,
            "id": "0657ba6a-4bbd-4b42-8121-bd0e2e4015be",
            "mtu": 1442,
            "name": "nw_int_virtualizacióndenodoslógicos",
            "port_security_enabled": true,
            "qos_policy_id": "",
            "region": "regionOne",
            "segments": [],
            "shared": false,
            "tags": null,
            "tenant_id": "b92fd58dc3dd4108a86bcd8c5ee71a42",
            "timeouts": null,
            "transparent_vlan": false,
            "value_specs": null
          },
          "sensitive_attributes": [],
          "private": "eyJlMmJmYjczMC1lY2FhLTExZTYtOGY4OC0zNDM2M2JjN2M0YzAiOnsiY3JlYXRlIjo2MDAwMDAwMDAwMDAsImRlbGV0ZSI6NjAwMDAwMDAwMDAwfX0="
        }
      ]
    },
    {
      "mode": "managed",
      "type": "openstack_networking_port_v2",
      "name": "vm_port",
      "provider": "provider[\"registry.terraform.io/terraform-provider-openstack/openstack\"]",
      "instances": [
        {
          "schema_version": 0,
          "attributes": {
            "admin_state_up": true,
            "all_fixed_ips": [
              "192.168.77.151"
            ],
            "all_security_group_ids": [
              "49a414cb-4869-467e-80ea-59322a32a48e"
            ],
            "all_tags": [],
            "allowed_address_pairs": [],
            "binding": [
              {
                "host_id": "",
                "profile": "",
                "vif_details": {},
                "vif_type": "",
                "vnic_type": "normal"
              }
            ],
            "description": "",
            "device_id": "",
            "device_owner": "",
            "dns_assignment": [
              {
                "fqdn": "host-192-168-77-151.openstacklocal.",
                "hostname": "host-192-168-77-151",
                "ip_address": "192.168.77.151"
              }
            ],
            "dns_name": "",
            "extra_dhcp_option": [],
            "fixed_ip": [
              {
                "ip_address": "",
                "subnet_id": "20d96f57-35de-41ba-b988-220edbb591a7"
              }
            ],
            "id": "979fb3a5-24ee-47a3-8e3a-bf52b313a0ed",
            "mac_address": "fa:16:3e:24:aa:00",
            "name": "ied-host-port",
            "network_id": "0657ba6a-4bbd-4b42-8121-bd0e2e4015be",
            "no_fixed_ip": null,
            "no_security_groups": null,
            "port_security_enabled": true,
            "qos_policy_id": "",
            "region": "regionOne",
            "security_group_ids": [
              "49a414cb-4869-467e-80ea-59322a32a48e"
            ],
            "tags": null,
            "tenant_id": "b92fd58dc3dd4108a86bcd8c5ee71a42",
            "timeouts": null,
            "value_specs": null
          },
          "sensitive_attributes": [],
          "private": "eyJlMmJmYjczMC1lY2FhLTExZTYtOGY4OC0zNDM2M2JjN2M0YzAiOnsiY3JlYXRlIjo2MDAwMDAwMDAwMDAsImRlbGV0ZSI6NjAwMDAwMDAwMDAwfX0=",
          "dependencies": [
            "openstack_networking_network_v2.private_net",
            "openstack_networking_secgroup_v2.ssh",
            "openstack_networking_subnet_v2.private_subnet"
          ]
        }
      ]
    },
    {
      "mode": "managed",
      "type": "openstack_networking_router_interface_v2",
      "name": "router_interface",
      "provider": "provider[\"registry.terraform.io/terraform-provider-openstack/openstack\"]",
      "instances": [
        {
          "schema_version": 0,
          "attributes": {
            "force_destroy": false,
            "id": "6724ec03-cef9-408d-80bb-47533d187725",
            "port_id": "6724ec03-cef9-408d-80bb-47533d187725",
            "region": "regionOne",
            "router_id": "1d9edd44-9643-48de-9c2a-9410fc75e68a",
            "subnet_id": "20d96f57-35de-41ba-b988-220edbb591a7",
            "timeouts": null
          },
          "sensitive_attributes": [],
          "private": "eyJlMmJmYjczMC1lY2FhLTExZTYtOGY4OC0zNDM2M2JjN2M0YzAiOnsiY3JlYXRlIjo2MDAwMDAwMDAwMDAsImRlbGV0ZSI6NjAwMDAwMDAwMDAwfX0=",
          "dependencies": [
            "data.openstack_networking_network_v2.public_net",
            "openstack_networking_network_v2.private_net",
            "openstack_networking_router_v2.router",
            "openstack_networking_subnet_v2.private_subnet"
          ]
        }
      ]
    },
    {
      "mode": "managed",
      "type": "openstack_networking_router_v2",
      "name": "router",
      "provider": "provider[\"registry.terraform.io/terraform-provider-openstack/openstack\"]",
      "instances": [
        {
          "schema_version": 0,
          "attributes": {
            "admin_state_up": true,
            "all_tags": [],
            "availability_zone_hints": [],
            "description": "",
            "distributed": false,
            "enable_snat": true,
            "external_fixed_ip": [
              {
                "ip_address": "172.26.113.133",
                "subnet_id": "e98686d6-bc4b-48a1-89e8-09c524428392"
              }
            ],
            "external_network_id": "b58d8f92-c96c-43fb-a591-2dcd8e3d04a2",
            "external_qos_policy_id": null,
            "external_subnet_ids": null,
            "id": "1d9edd44-9643-48de-9c2a-9410fc75e68a",
            "name": "router-to-ext",
            "region": "regionOne",
            "tags": null,
            "tenant_id": "b92fd58dc3dd4108a86bcd8c5ee71a42",
            "timeouts": null,
            "value_specs": null,
            "vendor_options": []
          },
          "sensitive_attributes": [],
          "private": "eyJlMmJmYjczMC1lY2FhLTExZTYtOGY4OC0zNDM2M2JjN2M0YzAiOnsiY3JlYXRlIjo2MDAwMDAwMDAwMDAsImRlbGV0ZSI6NjAwMDAwMDAwMDAwfX0=",
          "dependencies": [
            "data.openstack_networking_network_v2.public_net"
          ]
        }
      ]
    },
    {
      "mode": "managed",
      "type": "openstack_networking_secgroup_rule_v2",
      "name": "ssh_rule",
      "provider": "provider[\"registry.terraform.io/terraform-provider-openstack/openstack\"]",
      "instances": [
        {
          "schema_version": 0,
          "attributes": {
            "description": "",
            "direction": "ingress",
            "ethertype": "IPv4",
            "id": "57355120-55b3-4ca9-b43b-2dbaa77af974",
            "port_range_max": 22,
            "port_range_min": 22,
            "protocol": "tcp",
            "region": "regionOne",
            "remote_address_group_id": "",
            "remote_group_id": "",
            "remote_ip_prefix": "0.0.0.0/0",
            "security_group_id": "49a414cb-4869-467e-80ea-59322a32a48e",
            "tenant_id": "b92fd58dc3dd4108a86bcd8c5ee71a42",
            "timeouts": null
          },
          "sensitive_attributes": [],
          "private": "eyJlMmJmYjczMC1lY2FhLTExZTYtOGY4OC0zNDM2M2JjN2M0YzAiOnsiZGVsZXRlIjo2MDAwMDAwMDAwMDB9fQ==",
          "dependencies": [
            "openstack_networking_secgroup_v2.ssh"
          ]
        }
      ]
    },
    {
      "mode": "managed",
      "type": "openstack_networking_secgroup_v2",
      "name": "ssh",
      "provider": "provider[\"registry.terraform.io/terraform-provider-openstack/openstack\"]",
      "instances": [
        {
          "schema_version": 0,
          "attributes": {
            "all_tags": [],
            "delete_default_rules": null,
            "description": "",
            "id": "49a414cb-4869-467e-80ea-59322a32a48e",
            "name": "allow_ssh",
            "region": "regionOne",
            "stateful": true,
            "tags": null,
            "tenant_id": "b92fd58dc3dd4108a86bcd8c5ee71a42",
            "timeouts": null
          },
          "sensitive_attributes": [],
          "private": "eyJlMmJmYjczMC1lY2FhLTExZTYtOGY4OC0zNDM2M2JjN2M0YzAiOnsiZGVsZXRlIjo2MDAwMDAwMDAwMDB9fQ=="
        }
      ]
    },
    {
      "mode": "managed",
      "type": "openstack_networking_subnet_v2",
      "name": "private_subnet",
      "provider": "provider[\"registry.terraform.io/terraform-provider-openstack/openstack\"]",
      "instances": [
        {
          "schema_version": 0,
          "attributes": {
            "all_tags": [],
            "allocation_pool": [
              {
                "end": "192.168.77.254",
                "start": "192.168.77.2"
              }
            ],
            "cidr": "192.168.77.0/24",
            "description": "",
            "dns_nameservers": null,
            "dns_publish_fixed_ip": false,
            "enable_dhcp": true,
            "gateway_ip": "192.168.77.1",
            "id": "20d96f57-35de-41ba-b988-220edbb591a7",
            "ip_version": 4,
            "ipv6_address_mode": "",
            "ipv6_ra_mode": "",
            "name": "custom-subnet-with-dns",
            "network_id": "0657ba6a-4bbd-4b42-8121-bd0e2e4015be",
            "no_gateway": false,
            "prefix_length": null,
            "region": "regionOne",
            "segment_id": "",
            "service_types": [],
            "subnetpool_id": "",
            "tags": null,
            "tenant_id": "b92fd58dc3dd4108a86bcd8c5ee71a42",
            "timeouts": null,
            "value_specs": null
          },
          "sensitive_attributes": [],
          "private": "eyJlMmJmYjczMC1lY2FhLTExZTYtOGY4OC0zNDM2M2JjN2M0YzAiOnsiY3JlYXRlIjo2MDAwMDAwMDAwMDAsImRlbGV0ZSI6NjAwMDAwMDAwMDAwfX0=",
          "dependencies": [
            "openstack_networking_network_v2.private_net"
          ]
        }
      ]
    }
  ],
  "check_results": null
}
